{
  "version": 4,
  "terraform_version": "1.14.3",
  "serial": 1,
  "lineage": "d524645b-a825-3c60-41a5-6f10eb208925",
  "outputs": {
    "acr_login_server": {
      "value": null,
      "type": "string"
    },
    "acr_name": {
      "value": null,
      "type": "string"
    },
    "aks_name": {
      "value": null,
      "type": "string"
    },
    "key_vault_name": {
      "value": null,
      "type": "string"
    },
    "resource_group_name": {
      "value": "rg-devops-aks",
      "type": "string"
    }
  },
  "resources": [
    {
      "mode": "data",
      "type": "azurerm_client_config",
      "name": "current",
      "provider": "provider[\"registry.terraform.io/hashicorp/azurerm\"]",
      "instances": [
        {
          "schema_version": 0,
          "attributes": {
            "client_id": "04b07795-8ddb-461a-bbee-02f9e1bf7b46",
            "id": "Y2xpZW50Q29uZmlncy9jbGllbnRJZD0wNGIwNzc5NS04ZGRiLTQ2MWEtYmJlZS0wMmY5ZTFiZjdiNDY7b2JqZWN0SWQ9MDk0Y2M2OGYtZjU0YS00MzI2LWI2YWUtZDRhZGI4MWIzZWM2O3N1YnNjcmlwdGlvbklkPWI2ZjE5NzFjLTc3YmUtNDgzYi1iNWMwLWVhZDVjNmI2MDk0NDt0ZW5hbnRJZD03YjU0NDYxZi02ZTdlLTQ4YjMtYjAzYi1jNDExYzZmMWM4Y2I=",
            "object_id": "094cc68f-f54a-4326-b6ae-d4adb81b3ec6",
            "subscription_id": "b6f1971c-77be-483b-b5c0-ead5c6b60944",
            "tenant_id": "7b54461f-6e7e-48b3-b03b-c411c6f1c8cb",
            "timeouts": null
          },
          "sensitive_attributes": [],
          "identity_schema_version": 0
        }
      ]
    },
    {
      "mode": "managed",
      "type": "azurerm_resource_group",
      "name": "rg",
      "provider": "provider[\"registry.terraform.io/hashicorp/azurerm\"]",
      "instances": [
        {
          "schema_version": 0,
          "attributes": {
            "id": "/subscriptions/b6f1971c-77be-483b-b5c0-ead5c6b60944/resourceGroups/rg-devops-aks",
            "location": "eastus",
            "managed_by": "",
            "name": "rg-devops-aks",
            "tags": {},
            "timeouts": null
          },
          "sensitive_attributes": [],
          "identity_schema_version": 0,
          "private": "eyJlMmJmYjczMC1lY2FhLTExZTYtOGY4OC0zNDM2M2JjN2M0YzAiOnsiY3JlYXRlIjo1NDAwMDAwMDAwMDAwLCJkZWxldGUiOjU0MDAwMDAwMDAwMDAsInJlYWQiOjMwMDAwMDAwMDAwMCwidXBkYXRlIjo1NDAwMDAwMDAwMDAwfSwic2NoZW1hX3ZlcnNpb24iOiIwIn0="
        }
      ]
    }
  ],
  "check_results": null
}
